{
  "pins" : [
    {
      "identity" : "libghostty-spm",
      "kind" : "remoteSourceControl",
      "location" : "https://github.com/Lakr233/libghostty-spm.git",
      "state" : {
        "revision" : "7e45d27160f9b34aca9ca5c9820e9207482f9f04"
      }
    },
    {
      "identity" : "msdisplaylink",
      "kind" : "remoteSourceControl",
      "location" : "https://github.com/Lakr233/MSDisplayLink.git",
      "state" : {
        "revision" : "ac406dbb7dd329e256a555f929cd9cb94d809c7b",
        "version" : "2.2.1"
      }
    }
  ],
  "version" : 2
}
